
Microsoft Visual Studio Solution File, Format Version 12.00
# Visual Studio Version 16
VisualStudioVersion = 16.0.32407.337
MinimumVisualStudioVersion = 10.0.40219.1
Project("{9A19103F-16F7-4668-BE54-9A1E7A4F7556}") = "FinalTask", "FinalTask\FinalTask.csproj", "{F953B103-19A1-4265-BC5B-B3CBC456AC54}"
EndProject
Global
	GlobalSection(SolutionConfigurationPlatforms) = preSolution
		Debug|Any CPU = Debug|Any CPU
		Release|Any CPU = Release|Any CPU
	EndGlobalSection
	GlobalSection(ProjectConfigurationPlatforms) = postSolution
		{F953B103-19A1-4265-BC5B-B3CBC456AC54}.Debug|Any CPU.ActiveCfg = Debug|Any CPU
		{F953B103-19A1-4265-BC5B-B3CBC456AC54}.Debug|Any CPU.Build.0 = Debug|Any CPU
		{F953B103-19A1-4265-BC5B-B3CBC456AC54}.Release|Any CPU.ActiveCfg = Release|Any CPU
		{F953B103-19A1-4265-BC5B-B3CBC456AC54}.Release|Any CPU.Build.0 = Release|Any CPU
	EndGlobalSection
	GlobalSection(SolutionProperties) = preSolution
		HideSolutionNode = FALSE
	EndGlobalSection
	GlobalSection(ExtensibilityGlobals) = postSolution
		SolutionGuid = {C672D509-BB02-44CE-893A-45FBE706F443}
	EndGlobalSection
EndGlobal
